
Microsoft Visual Studio Solution File, Format Version 12.00
# Visual Studio Version 16
VisualStudioVersion = 16.0.30907.101
MinimumVisualStudioVersion = 10.0.40219.1
Project("{FAE04EC0-301F-11D3-BF4B-00C04F79EFBC}") = "ClassMetotDemo", "ClassMetotDemo\ClassMetotDemo.csproj", "{2D500CF5-2C3F-4514-B9C9-D3A58D028EEC}"
EndProject
Global
	GlobalSection(SolutionConfigurationPlatforms) = preSolution
		Debug|Any CPU = Debug|Any CPU
		Release|Any CPU = Release|Any CPU
	EndGlobalSection
	GlobalSection(ProjectConfigurationPlatforms) = postSolution
		{2D500CF5-2C3F-4514-B9C9-D3A58D028EEC}.Debug|Any CPU.ActiveCfg = Debug|Any CPU
		{2D500CF5-2C3F-4514-B9C9-D3A58D028EEC}.Debug|Any CPU.Build.0 = Debug|Any CPU
		{2D500CF5-2C3F-4514-B9C9-D3A58D028EEC}.Release|Any CPU.ActiveCfg = Release|Any CPU
		{2D500CF5-2C3F-4514-B9C9-D3A58D028EEC}.Release|Any CPU.Build.0 = Release|Any CPU
	EndGlobalSection
	GlobalSection(SolutionProperties) = preSolution
		HideSolutionNode = FALSE
	EndGlobalSection
	GlobalSection(ExtensibilityGlobals) = postSolution
		SolutionGuid = {7BE4E9A1-DD04-43D0-8E1A-01FAB702A675}
	EndGlobalSection
EndGlobal
